
Microsoft Visual Studio Solution File, Format Version 12.00
# Visual Studio Version 16
VisualStudioVersion = 16.0.31205.134
MinimumVisualStudioVersion = 10.0.40219.1
Project("{9A19103F-16F7-4668-BE54-9A1E7A4F7556}") = "RedPlus.Website", "RedPlus.Website\RedPlus.Website.csproj", "{BB219D91-ED25-4A73-903A-95570DC84374}"
EndProject
Global
	GlobalSection(SolutionConfigurationPlatforms) = preSolution
		Debug|Any CPU = Debug|Any CPU
		Release|Any CPU = Release|Any CPU
	EndGlobalSection
	GlobalSection(ProjectConfigurationPlatforms) = postSolution
		{BB219D91-ED25-4A73-903A-95570DC84374}.Debug|Any CPU.ActiveCfg = Debug|Any CPU
		{BB219D91-ED25-4A73-903A-95570DC84374}.Debug|Any CPU.Build.0 = Debug|Any CPU
		{BB219D91-ED25-4A73-903A-95570DC84374}.Release|Any CPU.ActiveCfg = Release|Any CPU
		{BB219D91-ED25-4A73-903A-95570DC84374}.Release|Any CPU.Build.0 = Release|Any CPU
	EndGlobalSection
	GlobalSection(SolutionProperties) = preSolution
		HideSolutionNode = FALSE
	EndGlobalSection
	GlobalSection(ExtensibilityGlobals) = postSolution
		SolutionGuid = {A4C9E2C5-C24A-4B65-AD79-106FDFE8E2D3}
	EndGlobalSection
EndGlobal
